{
  "name": "grape-web-client",
  "version": "0.53.1",
  "dependencies": {
    "@ubergrape/react-dropzone": {
      "version": "3.8.0",
      "from": "@ubergrape/react-dropzone@3.8.0",
      "resolved": "https://registry.npmjs.org/@ubergrape/react-dropzone/-/react-dropzone-3.8.0.tgz"
    },
    "@ubergrape/react-notification": {
      "version": "6.5.3",
      "from": "@ubergrape/react-notification@>=6.5.3 <7.0.0",
      "resolved": "https://registry.npmjs.org/@ubergrape/react-notification/-/react-notification-6.5.3.tgz"
    },
    "after-transition": {
      "version": "0.0.4",
      "from": "ubergrape/after-transition",
      "resolved": "git://github.com/ubergrape/after-transition.git#b1c577a3ce7df3a4e690f0dd49fed73ee125b8a7"
    },
    "argparse": {
      "version": "1.0.9",
      "from": "argparse@>=1.0.2 <1.1.0",
      "resolved": "https://registry.npmjs.org/argparse/-/argparse-1.0.9.tgz"
    },
    "array": {
      "version": "0.4.3",
      "from": "ubergrape/array",
      "resolved": "git://github.com/ubergrape/array.git#52f7b749b024cfd4fe9259aff220ed9eccf097bf"
    },
    "array.from": {
      "version": "0.2.0",
      "from": "array.from@>=0.2.0 <0.3.0",
      "resolved": "https://registry.npmjs.org/array.from/-/array.from-0.2.0.tgz"
    },
    "asap": {
      "version": "2.0.5",
      "from": "asap@>=2.0.3 <2.1.0",
      "resolved": "https://registry.npmjs.org/asap/-/asap-2.0.5.tgz"
    },
    "assertion-error": {
      "version": "1.0.0",
      "from": "assertion-error@1.0.0",
      "resolved": "https://registry.npmjs.org/assertion-error/-/assertion-error-1.0.0.tgz"
    },
    "async": {
      "version": "1.5.2",
      "from": "async@>=1.4.0 <2.0.0",
      "resolved": "https://registry.npmjs.org/async/-/async-1.5.2.tgz"
    },
    "attr-accept": {
      "version": "1.1.0",
      "from": "attr-accept@>=1.0.3 <2.0.0",
      "resolved": "https://registry.npmjs.org/attr-accept/-/attr-accept-1.1.0.tgz"
    },
    "autoscale-canvas": {
      "version": "0.0.3",
      "from": "autoscale-canvas@*",
      "resolved": "https://registry.npmjs.org/autoscale-canvas/-/autoscale-canvas-0.0.3.tgz"
    },
    "babel-runtime": {
      "version": "6.23.0",
      "from": "babel-runtime@>=6.6.1 <7.0.0",
      "resolved": "https://registry.npmjs.org/babel-runtime/-/babel-runtime-6.23.0.tgz"
    },
    "backo": {
      "version": "1.1.0",
      "from": "backo@>=1.1.0 <2.0.0",
      "resolved": "https://registry.npmjs.org/backo/-/backo-1.1.0.tgz"
    },
    "broker": {
      "version": "0.0.2",
      "from": "swatinem/broker#0.0.2",
      "resolved": "git://github.com/swatinem/broker.git#29d5208f7ee019bcaf9772be92f5e3bff4fe534d"
    },
    "chai": {
      "version": "2.3.0",
      "from": "chai@>=2.3.0 <3.0.0",
      "resolved": "https://registry.npmjs.org/chai/-/chai-2.3.0.tgz"
    },
    "chain-function": {
      "version": "1.0.0",
      "from": "chain-function@>=1.0.0 <2.0.0",
      "resolved": "https://registry.npmjs.org/chain-function/-/chain-function-1.0.0.tgz"
    },
    "change-emitter": {
      "version": "0.1.6",
      "from": "change-emitter@>=0.1.2 <0.2.0",
      "resolved": "https://registry.npmjs.org/change-emitter/-/change-emitter-0.1.6.tgz"
    },
    "classnames": {
      "version": "2.2.5",
      "from": "classnames@>=2.2.5 <3.0.0",
      "resolved": "https://registry.npmjs.org/classnames/-/classnames-2.2.5.tgz"
    },
    "color": {
      "version": "0.10.1",
      "from": "color@>=0.10.1 <0.11.0",
      "resolved": "https://registry.npmjs.org/color/-/color-0.10.1.tgz"
    },
    "color-convert": {
      "version": "0.5.3",
      "from": "color-convert@>=0.5.3 <0.6.0",
      "resolved": "https://registry.npmjs.org/color-convert/-/color-convert-0.5.3.tgz"
    },
    "color-name": {
      "version": "1.1.2",
      "from": "color-name@>=1.0.0 <2.0.0",
      "resolved": "https://registry.npmjs.org/color-name/-/color-name-1.1.2.tgz"
    },
    "color-string": {
      "version": "0.3.0",
      "from": "color-string@>=0.3.0 <0.4.0",
      "resolved": "https://registry.npmjs.org/color-string/-/color-string-0.3.0.tgz"
    },
    "combined-stream": {
      "version": "1.0.5",
      "from": "combined-stream@>=1.0.5 <2.0.0",
      "resolved": "https://registry.npmjs.org/combined-stream/-/combined-stream-1.0.5.tgz"
    },
    "common-tags": {
      "version": "1.4.0",
      "from": "common-tags@>=1.4.0 <2.0.0",
      "resolved": "https://registry.npmjs.org/common-tags/-/common-tags-1.4.0.tgz"
    },
    "component-classes": {
      "version": "1.2.6",
      "from": "component-classes@>=1.2.3 <2.0.0",
      "resolved": "https://registry.npmjs.org/component-classes/-/component-classes-1.2.6.tgz"
    },
    "component-closest": {
      "version": "1.0.1",
      "from": "component-closest@*",
      "resolved": "https://registry.npmjs.org/component-closest/-/component-closest-1.0.1.tgz"
    },
    "component-delegate": {
      "version": "0.2.4",
      "from": "component-delegate@0.2.4",
      "resolved": "https://registry.npmjs.org/component-delegate/-/component-delegate-0.2.4.tgz"
    },
    "component-emitter": {
      "version": "1.2.1",
      "from": "component-emitter@>=1.1.3 <2.0.0",
      "resolved": "https://registry.npmjs.org/component-emitter/-/component-emitter-1.2.1.tgz"
    },
    "component-event": {
      "version": "0.1.4",
      "from": "component-event@0.1.4",
      "resolved": "https://registry.npmjs.org/component-event/-/component-event-0.1.4.tgz"
    },
    "component-events": {
      "version": "1.0.10",
      "from": "component-events@>=1.0.7 <2.0.0",
      "resolved": "https://registry.npmjs.org/component-events/-/component-events-1.0.10.tgz"
    },
    "component-indexof": {
      "version": "0.0.3",
      "from": "component-indexof@0.0.3",
      "resolved": "https://registry.npmjs.org/component-indexof/-/component-indexof-0.0.3.tgz"
    },
    "component-matches-selector": {
      "version": "0.1.6",
      "from": "component-matches-selector@>=0.1.6 <0.2.0",
      "resolved": "https://registry.npmjs.org/component-matches-selector/-/component-matches-selector-0.1.6.tgz"
    },
    "component-props": {
      "version": "1.1.1",
      "from": "component-props@*",
      "resolved": "https://registry.npmjs.org/component-props/-/component-props-1.1.1.tgz"
    },
    "component-query": {
      "version": "0.0.3",
      "from": "component-query@0.0.3",
      "resolved": "https://registry.npmjs.org/component-query/-/component-query-0.0.3.tgz"
    },
    "component-t": {
      "version": "1.0.0",
      "from": "git://github.com/npmcomponent/component-t.git",
      "resolved": "git://github.com/npmcomponent/component-t.git#c6dea07aef0f4bbd6de443d29a86543338930d7f"
    },
    "computed-style": {
      "version": "0.1.0",
      "from": "jkroso/computed-style#0.1.0",
      "resolved": "git://github.com/jkroso/computed-style.git#b6edede127f59cb3f2e6aa6a67fac9136615d0a8"
    },
    "cookiejar": {
      "version": "2.0.6",
      "from": "cookiejar@2.0.6",
      "resolved": "https://registry.npmjs.org/cookiejar/-/cookiejar-2.0.6.tgz"
    },
    "copy-to-clipboard": {
      "version": "3.0.6",
      "from": "copy-to-clipboard@>=3.0.2 <4.0.0",
      "resolved": "https://registry.npmjs.org/copy-to-clipboard/-/copy-to-clipboard-3.0.6.tgz"
    },
    "core-js": {
      "version": "2.4.1",
      "from": "core-js@>=2.4.0 <3.0.0",
      "resolved": "https://registry.npmjs.org/core-js/-/core-js-2.4.1.tgz"
    },
    "core-util-is": {
      "version": "1.0.2",
      "from": "core-util-is@>=1.0.0 <1.1.0",
      "resolved": "https://registry.npmjs.org/core-util-is/-/core-util-is-1.0.2.tgz"
    },
    "create-react-class": {
      "version": "15.5.3",
      "from": "create-react-class@>=15.5.1 <16.0.0",
      "resolved": "https://registry.npmjs.org/create-react-class/-/create-react-class-15.5.3.tgz"
    },
    "css-emitter-component": {
      "version": "0.1.1",
      "from": "ubergrape/css-emitter",
      "resolved": "git://github.com/ubergrape/css-emitter.git#557edda26c34bfb02769e35a331898b402af9362"
    },
    "css-functions": {
      "version": "1.0.5",
      "from": "css-functions@>=1.0.1 <2.0.0",
      "resolved": "https://registry.npmjs.org/css-functions/-/css-functions-1.0.5.tgz"
    },
    "css-vendor": {
      "version": "0.3.8",
      "from": "css-vendor@>=0.3.8 <0.4.0",
      "resolved": "https://registry.npmjs.org/css-vendor/-/css-vendor-0.3.8.tgz"
    },
    "custom-event-polyfill": {
      "version": "0.2.2",
      "from": "custom-event-polyfill@>=0.2.1 <0.3.0",
      "resolved": "https://registry.npmjs.org/custom-event-polyfill/-/custom-event-polyfill-0.2.2.tgz"
    },
    "debug": {
      "version": "2.6.6",
      "from": "debug@>=2.2.0 <3.0.0",
      "resolved": "https://registry.npmjs.org/debug/-/debug-2.6.6.tgz"
    },
    "deep-eql": {
      "version": "0.1.3",
      "from": "deep-eql@0.1.3",
      "resolved": "https://registry.npmjs.org/deep-eql/-/deep-eql-0.1.3.tgz"
    },
    "delayed-stream": {
      "version": "1.0.0",
      "from": "delayed-stream@>=1.0.0 <1.1.0",
      "resolved": "https://registry.npmjs.org/delayed-stream/-/delayed-stream-1.0.0.tgz"
    },
    "diff": {
      "version": "0.0.1",
      "from": "ubergrape/diff",
      "resolved": "git://github.com/ubergrape/diff.git#658a3379df8a0c21ee1b92a8362ce1cfa1b669dd"
    },
    "document-register-element": {
      "version": "0.5.4",
      "from": "document-register-element@>=0.5.4 <0.6.0",
      "resolved": "https://registry.npmjs.org/document-register-element/-/document-register-element-0.5.4.tgz"
    },
    "dom-helpers": {
      "version": "3.2.1",
      "from": "dom-helpers@>=3.2.1 <4.0.0",
      "resolved": "https://registry.npmjs.org/dom-helpers/-/dom-helpers-3.2.1.tgz"
    },
    "dom-walk": {
      "version": "0.1.1",
      "from": "dom-walk@>=0.1.0 <0.2.0",
      "resolved": "https://registry.npmjs.org/dom-walk/-/dom-walk-0.1.1.tgz"
    },
    "domify": {
      "version": "1.3.2",
      "from": "component/domify#1.3.2",
      "resolved": "git://github.com/component/domify.git#313c80fa54469115352398b156d2764a0a3b0f74"
    },
    "emitter-component": {
      "version": "1.1.1",
      "from": "emitter-component@>=1.1.0 <2.0.0",
      "resolved": "https://registry.npmjs.org/emitter-component/-/emitter-component-1.1.1.tgz"
    },
    "emojione": {
      "version": "1.5.2",
      "from": "emojione@>=1.4.0 <2.0.0",
      "resolved": "https://registry.npmjs.org/emojione/-/emojione-1.5.2.tgz"
    },
    "encoding": {
      "version": "0.1.12",
      "from": "encoding@>=0.1.11 <0.2.0",
      "resolved": "https://registry.npmjs.org/encoding/-/encoding-0.1.12.tgz"
    },
    "endswith": {
      "version": "1.0.0",
      "from": "sk7/endswith",
      "resolved": "git://github.com/sk7/endswith.git#d45ec2055e81eac4ca151199682941bd55e987f9"
    },
    "entities": {
      "version": "1.1.1",
      "from": "entities@>=1.1.1 <1.2.0",
      "resolved": "https://registry.npmjs.org/entities/-/entities-1.1.1.tgz"
    },
    "es6-promise": {
      "version": "3.3.1",
      "from": "es6-promise@>=3.0.2 <4.0.0",
      "resolved": "https://registry.npmjs.org/es6-promise/-/es6-promise-3.3.1.tgz"
    },
    "event-component": {
      "version": "0.1.0",
      "from": "event-component@>=0.1.0 <0.2.0",
      "resolved": "https://registry.npmjs.org/event-component/-/event-component-0.1.0.tgz"
    },
    "extend": {
      "version": "3.0.0",
      "from": "extend@3.0.0",
      "resolved": "https://registry.npmjs.org/extend/-/extend-3.0.0.tgz"
    },
    "fbjs": {
      "version": "0.8.12",
      "from": "fbjs@>=0.8.9 <0.9.0",
      "resolved": "https://registry.npmjs.org/fbjs/-/fbjs-0.8.12.tgz",
      "dependencies": {
        "core-js": {
          "version": "1.2.7",
          "from": "core-js@>=1.0.0 <2.0.0",
          "resolved": "https://registry.npmjs.org/core-js/-/core-js-1.2.7.tgz"
        }
      }
    },
    "form-data": {
      "version": "1.0.0-rc3",
      "from": "form-data@1.0.0-rc3",
      "resolved": "https://registry.npmjs.org/form-data/-/form-data-1.0.0-rc3.tgz"
    },
    "formidable": {
      "version": "1.0.17",
      "from": "formidable@>=1.0.14 <1.1.0",
      "resolved": "https://registry.npmjs.org/formidable/-/formidable-1.0.17.tgz"
    },
    "fuse.js": {
      "version": "2.7.4",
      "from": "fuse.js@>=2.2.0 <3.0.0",
      "resolved": "https://registry.npmjs.org/fuse.js/-/fuse.js-2.7.4.tgz"
    },
    "get-uid": {
      "version": "1.0.1",
      "from": "get-uid@>=1.0.1 <2.0.0",
      "resolved": "https://registry.npmjs.org/get-uid/-/get-uid-1.0.1.tgz"
    },
    "global": {
      "version": "4.3.2",
      "from": "global@>=4.3.0 <4.4.0",
      "resolved": "https://registry.npmjs.org/global/-/global-4.3.2.tgz"
    },
    "grape-browser": {
      "version": "3.8.0",
      "from": "grape-browser@>=3.0.0 <4.0.0",
      "resolved": "https://registry.npmjs.org/grape-browser/-/grape-browser-3.8.0.tgz"
    },
    "grape-js-emoji": {
      "version": "0.0.1",
      "from": "grape-js-emoji@>=0.0.1 <0.0.2",
      "resolved": "https://registry.npmjs.org/grape-js-emoji/-/grape-js-emoji-0.0.1.tgz"
    },
    "grape-theme": {
      "version": "2.2.1",
      "from": "grape-theme@>=2.0.0 <3.0.0",
      "resolved": "https://registry.npmjs.org/grape-theme/-/grape-theme-2.2.1.tgz"
    },
    "grape-web": {
      "version": "0.61.0",
      "from": "grape-web@>=0.0.0 <1.0.0",
      "resolved": "https://registry.npmjs.org/grape-web/-/grape-web-0.61.0.tgz"
    },
    "has-transitions": {
      "version": "0.3.0",
      "from": "git://github.com/anthonyshort/has-transitions.git#0.3.0",
      "resolved": "git://github.com/anthonyshort/has-transitions.git#d28cf7378c83104e66ed81a35f5010946a5f6b29"
    },
    "has-translate3d": {
      "version": "0.0.3",
      "from": "ubergrape/has-translate3d",
      "resolved": "git://github.com/ubergrape/has-translate3d.git#fbffa5bfcc5dafcdecab012b27c0aadb8a545362"
    },
    "hoist-non-react-statics": {
      "version": "1.2.0",
      "from": "hoist-non-react-statics@>=1.0.0 <2.0.0",
      "resolved": "https://registry.npmjs.org/hoist-non-react-statics/-/hoist-non-react-statics-1.2.0.tgz"
    },
    "html-attributes": {
      "version": "1.1.0",
      "from": "html-attributes@>=1.1.0 <2.0.0",
      "resolved": "https://registry.npmjs.org/html-attributes/-/html-attributes-1.1.0.tgz"
    },
    "html5-desktop-notifications": {
      "version": "1.0.0",
      "from": "ubergrape/html5-desktop-notifications#1.0.0",
      "resolved": "git://github.com/ubergrape/html5-desktop-notifications.git#6d0715f4f840c2f4d39660c9cc3633fffc28d85d"
    },
    "iconv-lite": {
      "version": "0.4.17",
      "from": "iconv-lite@>=0.4.13 <0.5.0",
      "resolved": "https://registry.npmjs.org/iconv-lite/-/iconv-lite-0.4.17.tgz"
    },
    "image-zoom": {
      "version": "1.1.1",
      "from": "ubergrape/image-zoom",
      "resolved": "git://github.com/ubergrape/image-zoom.git#4ca79fcf2ec57a13f33a202fe8a569fdd9ce443f"
    },
    "images-loader": {
      "version": "0.1.2",
      "from": "images-loader@>=0.1.2 <0.2.0",
      "resolved": "https://registry.npmjs.org/images-loader/-/images-loader-0.1.2.tgz"
    },
    "inherits": {
      "version": "2.0.3",
      "from": "inherits@>=2.0.1 <2.1.0",
      "resolved": "https://registry.npmjs.org/inherits/-/inherits-2.0.3.tgz"
    },
    "intl": {
      "version": "1.2.5",
      "from": "intl@>=1.2.4 <2.0.0",
      "resolved": "https://registry.npmjs.org/intl/-/intl-1.2.5.tgz"
    },
    "intl-format-cache": {
      "version": "2.0.5",
      "from": "intl-format-cache@>=2.0.5 <3.0.0",
      "resolved": "https://registry.npmjs.org/intl-format-cache/-/intl-format-cache-2.0.5.tgz"
    },
    "intl-messageformat": {
      "version": "1.3.0",
      "from": "intl-messageformat@>=1.3.0 <2.0.0",
      "resolved": "https://registry.npmjs.org/intl-messageformat/-/intl-messageformat-1.3.0.tgz"
    },
    "intl-messageformat-parser": {
      "version": "1.2.0",
      "from": "intl-messageformat-parser@1.2.0",
      "resolved": "https://registry.npmjs.org/intl-messageformat-parser/-/intl-messageformat-parser-1.2.0.tgz"
    },
    "intl-relativeformat": {
      "version": "1.3.0",
      "from": "intl-relativeformat@>=1.3.0 <2.0.0",
      "resolved": "https://registry.npmjs.org/intl-relativeformat/-/intl-relativeformat-1.3.0.tgz"
    },
    "intro.js": {
      "version": "1.0.0",
      "from": "ubergrape/intro.js",
      "resolved": "git://github.com/ubergrape/intro.js.git#73ace4f745b37f221df59e7464783e720842056b"
    },
    "invariant": {
      "version": "2.2.2",
      "from": "invariant@>=2.1.1 <3.0.0",
      "resolved": "https://registry.npmjs.org/invariant/-/invariant-2.2.2.tgz"
    },
    "is-in-browser": {
      "version": "1.1.3",
      "from": "is-in-browser@>=1.0.2 <2.0.0",
      "resolved": "https://registry.npmjs.org/is-in-browser/-/is-in-browser-1.1.3.tgz"
    },
    "is-react-prop": {
      "version": "0.1.2",
      "from": "is-react-prop@>=0.1.2 <0.2.0",
      "resolved": "https://registry.npmjs.org/is-react-prop/-/is-react-prop-0.1.2.tgz"
    },
    "is-stream": {
      "version": "1.1.0",
      "from": "is-stream@>=1.0.1 <2.0.0",
      "resolved": "https://registry.npmjs.org/is-stream/-/is-stream-1.1.0.tgz"
    },
    "isarray": {
      "version": "0.0.1",
      "from": "isarray@0.0.1",
      "resolved": "https://registry.npmjs.org/isarray/-/isarray-0.0.1.tgz"
    },
    "isomorphic-fetch": {
      "version": "2.2.1",
      "from": "isomorphic-fetch@>=2.1.1 <3.0.0",
      "resolved": "https://registry.npmjs.org/isomorphic-fetch/-/isomorphic-fetch-2.2.1.tgz"
    },
    "join-strings-in-array": {
      "version": "0.0.4",
      "from": "join-strings-in-array@>=0.0.4 <0.0.5",
      "resolved": "https://registry.npmjs.org/join-strings-in-array/-/join-strings-in-array-0.0.4.tgz"
    },
    "js-tokens": {
      "version": "3.0.1",
      "from": "js-tokens@>=3.0.0 <4.0.0",
      "resolved": "https://registry.npmjs.org/js-tokens/-/js-tokens-3.0.1.tgz"
    },
    "jss": {
      "version": "7.1.2",
      "from": "jss@>=7.1.0 <8.0.0",
      "resolved": "https://registry.npmjs.org/jss/-/jss-7.1.2.tgz",
      "dependencies": {
        "is-in-browser": {
          "version": "1.0.2",
          "from": "is-in-browser@1.0.2",
          "resolved": "https://registry.npmjs.org/is-in-browser/-/is-in-browser-1.0.2.tgz"
        }
      }
    },
    "jss-camel-case": {
      "version": "4.0.0",
      "from": "jss-camel-case@>=4.0.0 <5.0.0",
      "resolved": "https://registry.npmjs.org/jss-camel-case/-/jss-camel-case-4.0.0.tgz"
    },
    "jss-compose": {
      "version": "3.0.1",
      "from": "jss-compose@>=3.0.0 <4.0.0",
      "resolved": "https://registry.npmjs.org/jss-compose/-/jss-compose-3.0.1.tgz"
    },
    "jss-default-unit": {
      "version": "6.1.1",
      "from": "jss-default-unit@>=6.1.1 <7.0.0",
      "resolved": "https://registry.npmjs.org/jss-default-unit/-/jss-default-unit-6.1.1.tgz"
    },
    "jss-expand": {
      "version": "3.0.1",
      "from": "jss-expand@>=3.0.1 <4.0.0",
      "resolved": "https://registry.npmjs.org/jss-expand/-/jss-expand-3.0.1.tgz"
    },
    "jss-extend": {
      "version": "4.0.1",
      "from": "jss-extend@>=4.0.1 <5.0.0",
      "resolved": "https://registry.npmjs.org/jss-extend/-/jss-extend-4.0.1.tgz"
    },
    "jss-global": {
      "version": "1.0.1",
      "from": "jss-global@>=1.0.0 <2.0.0",
      "resolved": "https://registry.npmjs.org/jss-global/-/jss-global-1.0.1.tgz"
    },
    "jss-isolate": {
      "version": "3.0.0",
      "from": "jss-isolate@>=3.0.0 <4.0.0",
      "resolved": "https://registry.npmjs.org/jss-isolate/-/jss-isolate-3.0.0.tgz"
    },
    "jss-nested": {
      "version": "4.0.1",
      "from": "jss-nested@>=4.0.0 <5.0.0",
      "resolved": "https://registry.npmjs.org/jss-nested/-/jss-nested-4.0.1.tgz"
    },
    "jss-preset-default": {
      "version": "2.0.0",
      "from": "jss-preset-default@>=2.0.0 <3.0.0",
      "resolved": "https://registry.npmjs.org/jss-preset-default/-/jss-preset-default-2.0.0.tgz"
    },
    "jss-props-sort": {
      "version": "4.0.0",
      "from": "jss-props-sort@>=4.0.0 <5.0.0",
      "resolved": "https://registry.npmjs.org/jss-props-sort/-/jss-props-sort-4.0.0.tgz"
    },
    "jss-theme-reactor": {
      "version": "0.11.1",
      "from": "jss-theme-reactor@>=0.11.1 <0.12.0",
      "resolved": "https://registry.npmjs.org/jss-theme-reactor/-/jss-theme-reactor-0.11.1.tgz"
    },
    "jss-vendor-prefixer": {
      "version": "5.1.0",
      "from": "jss-vendor-prefixer@>=5.1.0 <6.0.0",
      "resolved": "https://registry.npmjs.org/jss-vendor-prefixer/-/jss-vendor-prefixer-5.1.0.tgz"
    },
    "keycode": {
      "version": "2.1.9",
      "from": "keycode@>=2.1.8 <3.0.0",
      "resolved": "https://registry.npmjs.org/keycode/-/keycode-2.1.9.tgz"
    },
    "keyname": {
      "version": "0.1.0",
      "from": "keyname@>=0.1.0 <0.2.0",
      "resolved": "https://registry.npmjs.org/keyname/-/keyname-0.1.0.tgz"
    },
    "linkify-it": {
      "version": "1.2.4",
      "from": "linkify-it@>=1.2.0 <1.3.0",
      "resolved": "https://registry.npmjs.org/linkify-it/-/linkify-it-1.2.4.tgz"
    },
    "lodash": {
      "version": "3.10.1",
      "from": "lodash@>=3.10.0 <4.0.0",
      "resolved": "https://registry.npmjs.org/lodash/-/lodash-3.10.1.tgz"
    },
    "lodash-es": {
      "version": "4.17.4",
      "from": "lodash-es@>=4.2.1 <5.0.0",
      "resolved": "https://registry.npmjs.org/lodash-es/-/lodash-es-4.17.4.tgz"
    },
    "lodash.differenceby": {
      "version": "4.8.0",
      "from": "lodash.differenceby@>=4.0.1 <5.0.0",
      "resolved": "https://registry.npmjs.org/lodash.differenceby/-/lodash.differenceby-4.8.0.tgz"
    },
    "lodash.isequal": {
      "version": "4.5.0",
      "from": "lodash.isequal@>=4.5.0 <5.0.0",
      "resolved": "https://registry.npmjs.org/lodash.isequal/-/lodash.isequal-4.5.0.tgz"
    },
    "lodash.isplainobject": {
      "version": "4.0.6",
      "from": "lodash.isplainobject@>=4.0.4 <5.0.0",
      "resolved": "https://registry.npmjs.org/lodash.isplainobject/-/lodash.isplainobject-4.0.6.tgz"
    },
    "lodash.pickby": {
      "version": "4.6.0",
      "from": "lodash.pickby@>=4.4.0 <5.0.0",
      "resolved": "https://registry.npmjs.org/lodash.pickby/-/lodash.pickby-4.6.0.tgz"
    },
    "lodash.throttle": {
      "version": "4.1.1",
      "from": "lodash.throttle@>=4.1.1 <5.0.0",
      "resolved": "https://registry.npmjs.org/lodash.throttle/-/lodash.throttle-4.1.1.tgz"
    },
    "loose-envify": {
      "version": "1.3.1",
      "from": "loose-envify@>=1.0.0 <2.0.0",
      "resolved": "https://registry.npmjs.org/loose-envify/-/loose-envify-1.3.1.tgz"
    },
    "lpio-client": {
      "version": "0.2.8",
      "from": "lpio-client@>=0.2.8 <0.3.0",
      "resolved": "https://registry.npmjs.org/lpio-client/-/lpio-client-0.2.8.tgz"
    },
    "lpio-multiplexer": {
      "version": "0.1.4",
      "from": "lpio-multiplexer@>=0.1.0 <0.2.0",
      "resolved": "https://registry.npmjs.org/lpio-multiplexer/-/lpio-multiplexer-0.1.4.tgz"
    },
    "markdown-it": {
      "version": "4.4.0",
      "from": "markdown-it@>=4.2.1 <5.0.0",
      "resolved": "https://registry.npmjs.org/markdown-it/-/markdown-it-4.4.0.tgz"
    },
    "markdown-it-emoji": {
      "version": "1.3.0",
      "from": "markdown-it-emoji@>=1.1.1 <2.0.0",
      "resolved": "https://registry.npmjs.org/markdown-it-emoji/-/markdown-it-emoji-1.3.0.tgz"
    },
    "markdown-react-js": {
      "version": "0.3.0",
      "from": "markdown-react-js@>=0.3.0 <0.4.0",
      "resolved": "https://registry.npmjs.org/markdown-react-js/-/markdown-react-js-0.3.0.tgz"
    },
    "marked": {
      "version": "0.3.2",
      "from": "ubergrape/marked#grape-v1.1.1",
      "resolved": "git://github.com/ubergrape/marked.git#d1f4250ab911ce816856057d5601ddab9a4c89f6"
    },
    "material-ui": {
      "version": "1.0.0-alpha.13",
      "from": "material-ui@>=1.0.0-alpha <2.0.0",
      "resolved": "https://registry.npmjs.org/material-ui/-/material-ui-1.0.0-alpha.13.tgz",
      "dependencies": {
        "is-in-browser": {
          "version": "1.0.2",
          "from": "is-in-browser@1.0.2",
          "resolved": "https://registry.npmjs.org/is-in-browser/-/is-in-browser-1.0.2.tgz"
        },
        "jss": {
          "version": "6.5.0",
          "from": "jss@>=6.3.0 <7.0.0",
          "resolved": "https://registry.npmjs.org/jss/-/jss-6.5.0.tgz"
        },
        "jss-camel-case": {
          "version": "3.0.0",
          "from": "jss-camel-case@>=3.0.0 <4.0.0",
          "resolved": "https://registry.npmjs.org/jss-camel-case/-/jss-camel-case-3.0.0.tgz"
        },
        "jss-compose": {
          "version": "2.1.0",
          "from": "jss-compose@>=2.0.0 <3.0.0",
          "resolved": "https://registry.npmjs.org/jss-compose/-/jss-compose-2.1.0.tgz"
        },
        "jss-default-unit": {
          "version": "5.0.3",
          "from": "jss-default-unit@>=5.0.2 <6.0.0",
          "resolved": "https://registry.npmjs.org/jss-default-unit/-/jss-default-unit-5.0.3.tgz"
        },
        "jss-expand": {
          "version": "2.1.0",
          "from": "jss-expand@>=2.0.3 <3.0.0",
          "resolved": "https://registry.npmjs.org/jss-expand/-/jss-expand-2.1.0.tgz"
        },
        "jss-extend": {
          "version": "3.0.1",
          "from": "jss-extend@>=3.0.0 <4.0.0",
          "resolved": "https://registry.npmjs.org/jss-extend/-/jss-extend-3.0.1.tgz"
        },
        "jss-global": {
          "version": "0.4.1",
          "from": "jss-global@>=0.4.1 <0.5.0",
          "resolved": "https://registry.npmjs.org/jss-global/-/jss-global-0.4.1.tgz"
        },
        "jss-nested": {
          "version": "3.0.1",
          "from": "jss-nested@>=3.0.1 <4.0.0",
          "resolved": "https://registry.npmjs.org/jss-nested/-/jss-nested-3.0.1.tgz"
        },
        "jss-preset-default": {
          "version": "1.3.1",
          "from": "jss-preset-default@>=1.3.1 <2.0.0",
          "resolved": "https://registry.npmjs.org/jss-preset-default/-/jss-preset-default-1.3.1.tgz"
        },
        "jss-props-sort": {
          "version": "3.0.0",
          "from": "jss-props-sort@>=3.0.0 <4.0.0",
          "resolved": "https://registry.npmjs.org/jss-props-sort/-/jss-props-sort-3.0.0.tgz"
        },
        "jss-theme-reactor": {
          "version": "0.10.0",
          "from": "jss-theme-reactor@>=0.10.0 <0.11.0",
          "resolved": "https://registry.npmjs.org/jss-theme-reactor/-/jss-theme-reactor-0.10.0.tgz"
        },
        "jss-vendor-prefixer": {
          "version": "4.0.0",
          "from": "jss-vendor-prefixer@>=4.0.0 <5.0.0",
          "resolved": "https://registry.npmjs.org/jss-vendor-prefixer/-/jss-vendor-prefixer-4.0.0.tgz"
        },
        "lodash": {
          "version": "4.17.4",
          "from": "lodash@>=4.17.4 <5.0.0",
          "resolved": "https://registry.npmjs.org/lodash/-/lodash-4.17.4.tgz"
        }
      }
    },
    "mdurl": {
      "version": "1.0.1",
      "from": "mdurl@>=1.0.0 <1.1.0",
      "resolved": "https://registry.npmjs.org/mdurl/-/mdurl-1.0.1.tgz"
    },
    "methods": {
      "version": "1.1.2",
      "from": "methods@>=1.1.1 <1.2.0",
      "resolved": "https://registry.npmjs.org/methods/-/methods-1.1.2.tgz"
    },
    "meyer-reset": {
      "version": "1.0.0",
      "from": "ubergrape/meyer-reset",
      "resolved": "git://github.com/ubergrape/meyer-reset.git#4154173b56bf485c55616b6b46bb71a24057d609"
    },
    "mime": {
      "version": "1.3.4",
      "from": "mime@1.3.4",
      "resolved": "https://registry.npmjs.org/mime/-/mime-1.3.4.tgz"
    },
    "mime-db": {
      "version": "1.27.0",
      "from": "mime-db@>=1.27.0 <1.28.0",
      "resolved": "https://registry.npmjs.org/mime-db/-/mime-db-1.27.0.tgz"
    },
    "mime-types": {
      "version": "2.1.15",
      "from": "mime-types@>=2.1.3 <3.0.0",
      "resolved": "https://registry.npmjs.org/mime-types/-/mime-types-2.1.15.tgz"
    },
    "min-document": {
      "version": "2.19.0",
      "from": "min-document@>=2.19.0 <3.0.0",
      "resolved": "https://registry.npmjs.org/min-document/-/min-document-2.19.0.tgz"
    },
    "model": {
      "version": "1.0.1",
      "from": "ubergrape/model#1.0.1",
      "resolved": "git://github.com/ubergrape/model.git#9981755009d073112f520eb01f94abe1ca0a86f5"
    },
    "model-array": {
      "version": "0.0.1",
      "from": "swatinem/model-array",
      "resolved": "git://github.com/swatinem/model-array.git#aeeff33e51b98c5087f43a1db82be90472bdca19"
    },
    "model-cache": {
      "version": "0.0.2",
      "from": "swatinem/model-cache",
      "resolved": "git://github.com/swatinem/model-cache.git#6837042f20ea228f37548386cfcc8c7a212545f5"
    },
    "model-cast": {
      "version": "0.0.1",
      "from": "swatinem/model-cast",
      "resolved": "git://github.com/swatinem/model-cast.git#37c6e86bef76f2d1f9777952ed531426ddf7ce4e"
    },
    "moment": {
      "version": "2.18.1",
      "from": "moment@>=2.13.0 <3.0.0",
      "resolved": "https://registry.npmjs.org/moment/-/moment-2.18.1.tgz"
    },
    "moment-timezone": {
      "version": "0.5.13",
      "from": "moment-timezone@>=0.5.4 <0.6.0",
      "resolved": "https://registry.npmjs.org/moment-timezone/-/moment-timezone-0.5.13.tgz"
    },
    "mousetrap": {
      "version": "1.6.1",
      "from": "mousetrap@>=1.5.3 <2.0.0",
      "resolved": "https://registry.npmjs.org/mousetrap/-/mousetrap-1.6.1.tgz"
    },
    "ms": {
      "version": "0.7.3",
      "from": "ms@0.7.3",
      "resolved": "https://registry.npmjs.org/ms/-/ms-0.7.3.tgz"
    },
    "murmurhash-js": {
      "version": "1.0.0",
      "from": "murmurhash-js@>=1.0.0 <2.0.0",
      "resolved": "https://registry.npmjs.org/murmurhash-js/-/murmurhash-js-1.0.0.tgz"
    },
    "next-tick": {
      "version": "0.0.2",
      "from": "git://github.com/timoxley/next-tick.git",
      "resolved": "git://github.com/timoxley/next-tick.git#f20043d89719a8ec5206f3d79e8246e46e2c1b4c"
    },
    "node-fetch": {
      "version": "1.6.3",
      "from": "node-fetch@>=1.0.1 <2.0.0",
      "resolved": "https://registry.npmjs.org/node-fetch/-/node-fetch-1.6.3.tgz"
    },
    "normalize.css": {
      "version": "3.0.2",
      "from": "necolas/normalize.css#3.0.2",
      "resolved": "git://github.com/necolas/normalize.css.git#d83132802e8bc10ece0c0afbe88fce83674ec252"
    },
    "object-assign": {
      "version": "4.1.1",
      "from": "object-assign@>=4.1.0 <5.0.0",
      "resolved": "https://registry.npmjs.org/object-assign/-/object-assign-4.1.1.tgz"
    },
    "overlay": {
      "version": "1.0.0",
      "from": "ubergrape/overlay",
      "resolved": "git://github.com/ubergrape/overlay.git#6d47bfc6bf712d7f7e24b52065ae98a632f2c027"
    },
    "page": {
      "version": "1.7.1",
      "from": "page@>=1.6.3 <2.0.0",
      "resolved": "https://registry.npmjs.org/page/-/page-1.7.1.tgz"
    },
    "path-to-regexp": {
      "version": "1.2.1",
      "from": "path-to-regexp@>=1.2.1 <1.3.0",
      "resolved": "https://registry.npmjs.org/path-to-regexp/-/path-to-regexp-1.2.1.tgz"
    },
    "pick-react-known-prop": {
      "version": "0.0.1",
      "from": "pick-react-known-prop@0.0.1",
      "resolved": "https://registry.npmjs.org/pick-react-known-prop/-/pick-react-known-prop-0.0.1.tgz"
    },
    "process": {
      "version": "0.5.2",
      "from": "process@>=0.5.1 <0.6.0",
      "resolved": "https://registry.npmjs.org/process/-/process-0.5.2.tgz"
    },
    "progress-component": {
      "version": "0.0.4",
      "from": "component/progress#0.0.4",
      "resolved": "git://github.com/component/progress.git#ea26cf69b0c068293be7ef4543e9e04c0d6ab04b"
    },
    "promise": {
      "version": "7.1.1",
      "from": "promise@>=7.1.1 <8.0.0",
      "resolved": "https://registry.npmjs.org/promise/-/promise-7.1.1.tgz"
    },
    "prop-types": {
      "version": "15.5.10",
      "from": "prop-types@>=15.0.0 <16.0.0",
      "resolved": "https://registry.npmjs.org/prop-types/-/prop-types-15.5.10.tgz"
    },
    "qs": {
      "version": "2.3.3",
      "from": "qs@2.3.3",
      "resolved": "https://registry.npmjs.org/qs/-/qs-2.3.3.tgz"
    },
    "rafl": {
      "version": "1.2.2",
      "from": "rafl@>=1.2.1 <1.3.0",
      "resolved": "https://registry.npmjs.org/rafl/-/rafl-1.2.2.tgz"
    },
    "raven-js": {
      "version": "1.3.0",
      "from": "raven-js@>=1.1.22 <2.0.0",
      "resolved": "https://registry.npmjs.org/raven-js/-/raven-js-1.3.0.tgz"
    },
    "react": {
      "version": "15.5.4",
      "from": "react@>=15.3.0 <16.0.0",
      "resolved": "https://registry.npmjs.org/react/-/react-15.5.4.tgz"
    },
    "react-addons-shallow-compare": {
      "version": "15.5.2",
      "from": "react-addons-shallow-compare@>=15.2.0 <16.0.0",
      "resolved": "https://registry.npmjs.org/react-addons-shallow-compare/-/react-addons-shallow-compare-15.5.2.tgz"
    },
    "react-dom": {
      "version": "15.5.4",
      "from": "react-dom@>=15.3.0 <16.0.0",
      "resolved": "https://registry.npmjs.org/react-dom/-/react-dom-15.5.4.tgz"
    },
    "react-event-listener": {
      "version": "0.4.5",
      "from": "react-event-listener@>=0.4.5 <0.5.0",
      "resolved": "https://registry.npmjs.org/react-event-listener/-/react-event-listener-0.4.5.tgz"
    },
    "react-finite-list": {
      "version": "1.0.5",
      "from": "react-finite-list@>=1.0.5 <2.0.0",
      "resolved": "https://registry.npmjs.org/react-finite-list/-/react-finite-list-1.0.5.tgz"
    },
    "react-intl": {
      "version": "2.3.0",
      "from": "react-intl@>=2.1.3 <3.0.0",
      "resolved": "https://registry.npmjs.org/react-intl/-/react-intl-2.3.0.tgz"
    },
    "react-jss": {
      "version": "6.1.1",
      "from": "react-jss@>=6.1.1 <7.0.0",
      "resolved": "https://registry.npmjs.org/react-jss/-/react-jss-6.1.1.tgz"
    },
    "react-overlays": {
      "version": "0.6.12",
      "from": "react-overlays@>=0.6.3 <0.7.0",
      "resolved": "https://registry.npmjs.org/react-overlays/-/react-overlays-0.6.12.tgz"
    },
    "react-prop-types": {
      "version": "0.4.0",
      "from": "react-prop-types@>=0.4.0 <0.5.0",
      "resolved": "https://registry.npmjs.org/react-prop-types/-/react-prop-types-0.4.0.tgz"
    },
    "react-pure-render": {
      "version": "1.0.2",
      "from": "react-pure-render@>=1.0.2 <2.0.0",
      "resolved": "https://registry.npmjs.org/react-pure-render/-/react-pure-render-1.0.2.tgz"
    },
    "react-redux": {
      "version": "4.4.8",
      "from": "react-redux@>=4.0.0 <5.0.0",
      "resolved": "https://registry.npmjs.org/react-redux/-/react-redux-4.4.8.tgz",
      "dependencies": {
        "lodash": {
          "version": "4.17.4",
          "from": "lodash@>=4.2.0 <5.0.0",
          "resolved": "https://registry.npmjs.org/lodash/-/lodash-4.17.4.tgz"
        }
      }
    },
    "react-scrollbar-size": {
      "version": "1.0.1",
      "from": "react-scrollbar-size@>=1.0.1 <2.0.0",
      "resolved": "https://registry.npmjs.org/react-scrollbar-size/-/react-scrollbar-size-1.0.1.tgz"
    },
    "react-transition-group": {
      "version": "1.1.3",
      "from": "react-transition-group@>=1.1.2 <2.0.0",
      "resolved": "https://registry.npmjs.org/react-transition-group/-/react-transition-group-1.1.3.tgz"
    },
    "react-virtualized": {
      "version": "8.11.4",
      "from": "react-virtualized@>=8.11.4 <9.0.0",
      "resolved": "https://registry.npmjs.org/react-virtualized/-/react-virtualized-8.11.4.tgz"
    },
    "react-visibility-sensor": {
      "version": "3.9.0",
      "from": "react-visibility-sensor@>=3.1.1 <4.0.0",
      "resolved": "https://registry.npmjs.org/react-visibility-sensor/-/react-visibility-sensor-3.9.0.tgz"
    },
    "reactive-elements": {
      "version": "0.6.7",
      "from": "reactive-elements@>=0.6.5 <0.7.0",
      "resolved": "https://registry.npmjs.org/reactive-elements/-/reactive-elements-0.6.7.tgz"
    },
    "readable-stream": {
      "version": "1.0.27-1",
      "from": "readable-stream@1.0.27-1",
      "resolved": "https://registry.npmjs.org/readable-stream/-/readable-stream-1.0.27-1.tgz"
    },
    "recompose": {
      "version": "0.23.3",
      "from": "recompose@>=0.23.0 <0.24.0",
      "resolved": "https://registry.npmjs.org/recompose/-/recompose-0.23.3.tgz"
    },
    "redraw": {
      "version": "1.0.0",
      "from": "ubergrape/redraw",
      "resolved": "git://github.com/ubergrape/redraw.git#0ecd47fc7df2e9c74e62e8587bd568f3d583f7d2"
    },
    "reduce-component": {
      "version": "1.0.1",
      "from": "reduce-component@1.0.1",
      "resolved": "https://registry.npmjs.org/reduce-component/-/reduce-component-1.0.1.tgz"
    },
    "redux": {
      "version": "3.6.0",
      "from": "redux@>=3.0.4 <4.0.0",
      "resolved": "https://registry.npmjs.org/redux/-/redux-3.6.0.tgz",
      "dependencies": {
        "lodash": {
          "version": "4.17.4",
          "from": "lodash@>=4.2.1 <5.0.0",
          "resolved": "https://registry.npmjs.org/lodash/-/lodash-4.17.4.tgz"
        }
      }
    },
    "redux-thunk": {
      "version": "1.0.3",
      "from": "redux-thunk@>=1.0.0 <2.0.0",
      "resolved": "https://registry.npmjs.org/redux-thunk/-/redux-thunk-1.0.3.tgz"
    },
    "regenerator-runtime": {
      "version": "0.10.5",
      "from": "regenerator-runtime@>=0.10.0 <0.11.0",
      "resolved": "https://registry.npmjs.org/regenerator-runtime/-/regenerator-runtime-0.10.5.tgz"
    },
    "reselect": {
      "version": "2.5.4",
      "from": "reselect@>=2.0.1 <3.0.0",
      "resolved": "https://registry.npmjs.org/reselect/-/reselect-2.5.4.tgz"
    },
    "scale-to-bounds": {
      "version": "0.0.1",
      "from": "ubergrape/scale-to-bounds",
      "resolved": "git://github.com/ubergrape/scale-to-bounds.git#f51290c85e5a12c13dd047f39168731c93176e59"
    },
    "scroll": {
      "version": "2.0.0",
      "from": "scroll@>=2.0.0 <3.0.0",
      "resolved": "https://registry.npmjs.org/scroll/-/scroll-2.0.0.tgz"
    },
    "setimmediate": {
      "version": "1.0.5",
      "from": "setimmediate@>=1.0.5 <2.0.0",
      "resolved": "https://registry.npmjs.org/setimmediate/-/setimmediate-1.0.5.tgz"
    },
    "sprintf-js": {
      "version": "1.0.3",
      "from": "sprintf-js@>=1.0.2 <1.1.0",
      "resolved": "https://registry.npmjs.org/sprintf-js/-/sprintf-js-1.0.3.tgz"
    },
    "startswith": {
      "version": "1.0.0",
      "from": "sk7/startswith",
      "resolved": "git://github.com/sk7/startswith.git#7ecea68a4c6bcd718a88d0c6a99d2aec39dc6528"
    },
    "store": {
      "version": "0.0.6",
      "from": "pgherveou/store",
      "resolved": "git://github.com/pgherveou/store.git#6afcee59100ff07c60b533fcd7ac16d594451302"
    },
    "string_decoder": {
      "version": "0.10.31",
      "from": "string_decoder@>=0.10.0 <0.11.0",
      "resolved": "https://registry.npmjs.org/string_decoder/-/string_decoder-0.10.31.tgz"
    },
    "styled-jss": {
      "version": "1.0.0",
      "from": "styled-jss@>=1.0.0 <2.0.0",
      "resolved": "https://registry.npmjs.org/styled-jss/-/styled-jss-1.0.0.tgz"
    },
    "superagent": {
      "version": "1.8.5",
      "from": "superagent@>=1.3.0 <2.0.0",
      "resolved": "https://registry.npmjs.org/superagent/-/superagent-1.8.5.tgz"
    },
    "svg-attributes": {
      "version": "1.0.0",
      "from": "svg-attributes@>=1.0.0 <2.0.0",
      "resolved": "https://registry.npmjs.org/svg-attributes/-/svg-attributes-1.0.0.tgz"
    },
    "symbol-observable": {
      "version": "1.0.4",
      "from": "symbol-observable@>=1.0.4 <2.0.0",
      "resolved": "https://registry.npmjs.org/symbol-observable/-/symbol-observable-1.0.4.tgz"
    },
    "t": {
      "version": "1.0.1",
      "from": "ubergrape/t#master",
      "resolved": "git://github.com/ubergrape/t.git#27902e973e38993932e8c1a5a55f3514a72be819"
    },
    "to-function": {
      "version": "2.0.6",
      "from": "to-function@>=2.0.6 <3.0.0",
      "resolved": "https://registry.npmjs.org/to-function/-/to-function-2.0.6.tgz"
    },
    "toggle-selection": {
      "version": "1.0.5",
      "from": "toggle-selection@>=1.0.3 <2.0.0",
      "resolved": "https://registry.npmjs.org/toggle-selection/-/toggle-selection-1.0.5.tgz"
    },
    "transform-property": {
      "version": "1.0.0",
      "from": "ubergrape/transform-property",
      "resolved": "git://github.com/ubergrape/transform-property.git#1bd43c929ba4af986aa3b09abd66c6e2b749dfe2"
    },
    "type-detect": {
      "version": "0.1.1",
      "from": "type-detect@0.1.1",
      "resolved": "https://registry.npmjs.org/type-detect/-/type-detect-0.1.1.tgz"
    },
    "ua-parser-js": {
      "version": "0.7.12",
      "from": "ua-parser-js@>=0.7.9 <0.8.0",
      "resolved": "https://registry.npmjs.org/ua-parser-js/-/ua-parser-js-0.7.12.tgz"
    },
    "uc.micro": {
      "version": "1.0.3",
      "from": "uc.micro@>=1.0.0 <2.0.0",
      "resolved": "https://registry.npmjs.org/uc.micro/-/uc.micro-1.0.3.tgz"
    },
    "viewport": {
      "version": "1.0.0",
      "from": "ubergrape/viewport",
      "resolved": "git://github.com/ubergrape/viewport.git#65a6075842cceddf228d5c70e298b47428f00fdf"
    },
    "virtualdom": {
      "version": "0.0.1",
      "from": "ubergrape/virtualdom",
      "resolved": "git://github.com/ubergrape/virtualdom.git#7bc361d8a788ced0655e750dda7da2adcf06bee9"
    },
    "wamp1": {
      "version": "2.0.0",
      "from": "ubergrape/wamp1#2.0.0",
      "resolved": "git://github.com/ubergrape/wamp1.git#2dc4750b7add7d198cf017964c733bfc2e8676c7"
    },
    "warning": {
      "version": "3.0.0",
      "from": "warning@>=3.0.0 <4.0.0",
      "resolved": "https://registry.npmjs.org/warning/-/warning-3.0.0.tgz"
    },
    "websocket-wrapper": {
      "version": "0.1.1",
      "from": "websocket-wrapper@>=0.1.1 <0.2.0",
      "resolved": "https://registry.npmjs.org/websocket-wrapper/-/websocket-wrapper-0.1.1.tgz"
    },
    "whatwg-fetch": {
      "version": "2.0.3",
      "from": "whatwg-fetch@>=0.10.0",
      "resolved": "https://registry.npmjs.org/whatwg-fetch/-/whatwg-fetch-2.0.3.tgz"
    }
  }
}
